
Microsoft Visual Studio Solution File, Format Version 12.00
# Visual Studio 15
VisualStudioVersion = 15.0.26730.16
MinimumVisualStudioVersion = 10.0.40219.1
Project("{FAE04EC0-301F-11D3-BF4B-00C04F79EFBC}") = "STR_GraphicsLib", "graphics_sandbox\STR_GraphicsLib.csproj", "{3A4ABE03-C483-41FF-95DE-FA2CC57C1698}"
EndProject
Global
	GlobalSection(SolutionConfigurationPlatforms) = preSolution
		Debug|Any CPU = Debug|Any CPU
		Release|Any CPU = Release|Any CPU
	EndGlobalSection
	GlobalSection(ProjectConfigurationPlatforms) = postSolution
		{3A4ABE03-C483-41FF-95DE-FA2CC57C1698}.Debug|Any CPU.ActiveCfg = Debug|Any CPU
		{3A4ABE03-C483-41FF-95DE-FA2CC57C1698}.Debug|Any CPU.Build.0 = Debug|Any CPU
		{3A4ABE03-C483-41FF-95DE-FA2CC57C1698}.Release|Any CPU.ActiveCfg = Release|Any CPU
		{3A4ABE03-C483-41FF-95DE-FA2CC57C1698}.Release|Any CPU.Build.0 = Release|Any CPU
	EndGlobalSection
	GlobalSection(SolutionProperties) = preSolution
		HideSolutionNode = FALSE
	EndGlobalSection
	GlobalSection(ExtensibilityGlobals) = postSolution
		SolutionGuid = {61F194E6-B584-48DE-A12E-2DD78E4B5029}
	EndGlobalSection
EndGlobal
